PODS:
  - CitrusGraphics (1.0):
    - Kingfisher
  - Kingfisher (3.2.2)

DEPENDENCIES:
  - CitrusGraphics (from `../../../`)

EXTERNAL SOURCES:
  CitrusGraphics:
    :path: ../../../

SPEC CHECKSUMS:
  CitrusGraphics: a3c4650a72d98337f762a24d15b8a38d26bcc24d
  Kingfisher: 821466474ad7ffc375a4aecadfa05068cfed67b3

PODFILE CHECKSUM: 8b6cf02ff99ab0e89d7ec96211614cb37a5d6968

COCOAPODS: 1.0.1
